PODS:
  - RxCocoa (4.5.0):
    - RxSwift (>= 4.4.2, ~> 4.4)
  - RxSwift (4.5.0)
  - SnapKit (5.0.1)
  - SwiftGen (6.4.0)
  - SwiftLint (0.43.0)

DEPENDENCIES:
  - RxCocoa (~> 4.0)
  - RxSwift (~> 4.0)
  - SnapKit (~> 5.0)
  - SwiftGen (~> 6.1)
  - SwiftLint

SPEC REPOS:
  trunk:
    - RxCocoa
    - RxSwift
    - SnapKit
    - SwiftGen
    - SwiftLint

SPEC CHECKSUMS:
  RxCocoa: cbf70265dc65a981d4ac982e513c10cf23df24a0
  RxSwift: f172070dfd1a93d70a9ab97a5a01166206e1c575
  SnapKit: 97b92857e3df3a0c71833cce143274bf6ef8e5eb
  SwiftGen: 67860cc7c3cfc2ed25b9b74cfd55495fc89f9108
  SwiftLint: 0c645fdc6feed3e390c1701ab3cc669f88b42752

PODFILE CHECKSUM: f63b7eb721bb7d5c1cf94e457b1732b9070dc5e2

COCOAPODS: 1.10.1
