// !$*UTF8*$!
{
	archiveVersion = 1;
	classes = {
	};
	objectVersion = 55;
	objects = {

/* Begin PBXBuildFile section */
		183ED4A227D0AB8E00A26716 /* AppDelegate.swift in Sources */ = {isa = PBXBuildFile; fileRef = 183ED4A127D0AB8E00A26716 /* AppDelegate.swift */; };
		183ED4A427D0AB8E00A26716 /* SceneDelegate.swift in Sources */ = {isa = PBXBuildFile; fileRef = 183ED4A327D0AB8E00A26716 /* SceneDelegate.swift */; };
		183ED4AB27D0AB9000A26716 /* Assets.xcassets in Resources */ = {isa = PBXBuildFile; fileRef = 183ED4AA27D0AB9000A26716 /* Assets.xcassets */; };
		183ED4AE27D0AB9000A26716 /* LaunchScreen.storyboard in Resources */ = {isa = PBXBuildFile; fileRef = 183ED4AC27D0AB9000A26716 /* LaunchScreen.storyboard */; };
		183ED4B927D0AB9100A26716 /* TemplateTests.swift in Sources */ = {isa = PBXBuildFile; fileRef = 183ED4B827D0AB9100A26716 /* TemplateTests.swift */; };
		183ED4C327D0AB9100A26716 /* TemplateUITests.swift in Sources */ = {isa = PBXBuildFile; fileRef = 183ED4C227D0AB9100A26716 /* TemplateUITests.swift */; };
		183ED4C527D0AB9100A26716 /* TemplateUITestsLaunchTests.swift in Sources */ = {isa = PBXBuildFile; fileRef = 183ED4C427D0AB9100A26716 /* TemplateUITestsLaunchTests.swift */; };
		183ED4D327D0BBB300A26716 /* HomeVC.swift in Sources */ = {isa = PBXBuildFile; fileRef = 183ED4D227D0BBB300A26716 /* HomeVC.swift */; };
		183ED4D627D0BDBD00A26716 /* NoResultTableCell.swift in Sources */ = {isa = PBXBuildFile; fileRef = 183ED4D527D0BDBD00A26716 /* NoResultTableCell.swift */; };
		183ED4D927D0DC1800A26716 /* Coordinator.swift in Sources */ = {isa = PBXBuildFile; fileRef = 183ED4D827D0DC1800A26716 /* Coordinator.swift */; };
		183ED4DB27D0DEE100A26716 /* AppCoordinator.swift in Sources */ = {isa = PBXBuildFile; fileRef = 183ED4DA27D0DEE000A26716 /* AppCoordinator.swift */; };
		183ED4DE27D0E3F300A26716 /* ResultTableCell.swift in Sources */ = {isa = PBXBuildFile; fileRef = 183ED4DD27D0E3F300A26716 /* ResultTableCell.swift */; };
		183ED4E327D0F2E200A26716 /* DetailVC.swift in Sources */ = {isa = PBXBuildFile; fileRef = 183ED4E227D0F2E200A26716 /* DetailVC.swift */; };
/* End PBXBuildFile section */

/* Begin PBXContainerItemProxy section */
		183ED4B527D0AB9100A26716 /* PBXContainerItemProxy */ = {
			isa = PBXContainerItemProxy;
			containerPortal = 183ED49627D0AB8E00A26716 /* Project object */;
			proxyType = 1;
			remoteGlobalIDString = 183ED49D27D0AB8E00A26716;
			remoteInfo = Template;
		};
		183ED4BF27D0AB9100A26716 /* PBXContainerItemProxy */ = {
			isa = PBXContainerItemProxy;
			containerPortal = 183ED49627D0AB8E00A26716 /* Project object */;
			proxyType = 1;
			remoteGlobalIDString = 183ED49D27D0AB8E00A26716;
			remoteInfo = Template;
		};
/* End PBXContainerItemProxy section */

/* Begin PBXFileReference section */
		183ED49E27D0AB8E00A26716 /* Template.app */ = {isa = PBXFileReference; explicitFileType = wrapper.application; includeInIndex = 0; path = Template.app; sourceTree = BUILT_PRODUCTS_DIR; };
		183ED4A127D0AB8E00A26716 /* AppDelegate.swift */ = {isa = PBXFileReference; lastKnownFileType = sourcecode.swift; path = AppDelegate.swift; sourceTree = "<group>"; };
		183ED4A327D0AB8E00A26716 /* SceneDelegate.swift */ = {isa = PBXFileReference; lastKnownFileType = sourcecode.swift; path = SceneDelegate.swift; sourceTree = "<group>"; };
		183ED4AA27D0AB9000A26716 /* Assets.xcassets */ = {isa = PBXFileReference; lastKnownFileType = folder.assetcatalog; path = Assets.xcassets; sourceTree = "<group>"; };
		183ED4AD27D0AB9000A26716 /* Base */ = {isa = PBXFileReference; lastKnownFileType = file.storyboard; name = Base; path = Base.lproj/LaunchScreen.storyboard; sourceTree = "<group>"; };
		183ED4AF27D0AB9000A26716 /* Info.plist */ = {isa = PBXFileReference; lastKnownFileType = text.plist.xml; path = Info.plist; sourceTree = "<group>"; };
		183ED4B427D0AB9100A26716 /* TemplateTests.xctest */ = {isa = PBXFileReference; explicitFileType = wrapper.cfbundle; includeInIndex = 0; path = TemplateTests.xctest; sourceTree = BUILT_PRODUCTS_DIR; };
		183ED4B827D0AB9100A26716 /* TemplateTests.swift */ = {isa = PBXFileReference; lastKnownFileType = sourcecode.swift; path = TemplateTests.swift; sourceTree = "<group>"; };
		183ED4BE27D0AB9100A26716 /* TemplateUITests.xctest */ = {isa = PBXFileReference; explicitFileType = wrapper.cfbundle; includeInIndex = 0; path = TemplateUITests.xctest; sourceTree = BUILT_PRODUCTS_DIR; };
		183ED4C227D0AB9100A26716 /* TemplateUITests.swift */ = {isa = PBXFileReference; lastKnownFileType = sourcecode.swift; path = TemplateUITests.swift; sourceTree = "<group>"; };
		183ED4C427D0AB9100A26716 /* TemplateUITestsLaunchTests.swift */ = {isa = PBXFileReference; lastKnownFileType = sourcecode.swift; path = TemplateUITestsLaunchTests.swift; sourceTree = "<group>"; };
		183ED4D227D0BBB300A26716 /* HomeVC.swift */ = {isa = PBXFileReference; lastKnownFileType = sourcecode.swift; path = HomeVC.swift; sourceTree = "<group>"; };
		183ED4D527D0BDBD00A26716 /* NoResultTableCell.swift */ = {isa = PBXFileReference; lastKnownFileType = sourcecode.swift; path = NoResultTableCell.swift; sourceTree = "<group>"; };
		183ED4D827D0DC1800A26716 /* Coordinator.swift */ = {isa = PBXFileReference; lastKnownFileType = sourcecode.swift; path = Coordinator.swift; sourceTree = "<group>"; };
		183ED4DA27D0DEE000A26716 /* AppCoordinator.swift */ = {isa = PBXFileReference; lastKnownFileType = sourcecode.swift; path = AppCoordinator.swift; sourceTree = "<group>"; };
		183ED4DD27D0E3F300A26716 /* ResultTableCell.swift */ = {isa = PBXFileReference; lastKnownFileType = sourcecode.swift; path = ResultTableCell.swift; sourceTree = "<group>"; };
		183ED4E227D0F2E200A26716 /* DetailVC.swift */ = {isa = PBXFileReference; lastKnownFileType = sourcecode.swift; path = DetailVC.swift; sourceTree = "<group>"; };
/* End PBXFileReference section */

/* Begin PBXFrameworksBuildPhase section */
		183ED49B27D0AB8E00A26716 /* Frameworks */ = {
			isa = PBXFrameworksBuildPhase;
			buildActionMask = 2147483647;
			files = (
			);
			runOnlyForDeploymentPostprocessing = 0;
		};
		183ED4B127D0AB9100A26716 /* Frameworks */ = {
			isa = PBXFrameworksBuildPhase;
			buildActionMask = 2147483647;
			files = (
			);
			runOnlyForDeploymentPostprocessing = 0;
		};
		183ED4BB27D0AB9100A26716 /* Frameworks */ = {
			isa = PBXFrameworksBuildPhase;
			buildActionMask = 2147483647;
			files = (
			);
			runOnlyForDeploymentPostprocessing = 0;
		};
/* End PBXFrameworksBuildPhase section */

/* Begin PBXGroup section */
		183ED49527D0AB8E00A26716 = {
			isa = PBXGroup;
			children = (
				183ED4A027D0AB8E00A26716 /* Template */,
				183ED4B727D0AB9100A26716 /* TemplateTests */,
				183ED4C127D0AB9100A26716 /* TemplateUITests */,
				183ED49F27D0AB8E00A26716 /* Products */,
			);
			sourceTree = "<group>";
		};
		183ED49F27D0AB8E00A26716 /* Products */ = {
			isa = PBXGroup;
			children = (
				183ED49E27D0AB8E00A26716 /* Template.app */,
				183ED4B427D0AB9100A26716 /* TemplateTests.xctest */,
				183ED4BE27D0AB9100A26716 /* TemplateUITests.xctest */,
			);
			name = Products;
			sourceTree = "<group>";
		};
		183ED4A027D0AB8E00A26716 /* Template */ = {
			isa = PBXGroup;
			children = (
				183ED4D727D0DC0000A26716 /* Coordinators */,
				183ED4A127D0AB8E00A26716 /* AppDelegate.swift */,
				183ED4A327D0AB8E00A26716 /* SceneDelegate.swift */,
				183ED4D127D0ABE900A26716 /* Screens */,
				183ED4AA27D0AB9000A26716 /* Assets.xcassets */,
				183ED4AC27D0AB9000A26716 /* LaunchScreen.storyboard */,
				183ED4AF27D0AB9000A26716 /* Info.plist */,
			);
			path = Template;
			sourceTree = "<group>";
		};
		183ED4B727D0AB9100A26716 /* TemplateTests */ = {
			isa = PBXGroup;
			children = (
				183ED4B827D0AB9100A26716 /* TemplateTests.swift */,
			);
			path = TemplateTests;
			sourceTree = "<group>";
		};
		183ED4C127D0AB9100A26716 /* TemplateUITests */ = {
			isa = PBXGroup;
			children = (
				183ED4C227D0AB9100A26716 /* TemplateUITests.swift */,
				183ED4C427D0AB9100A26716 /* TemplateUITestsLaunchTests.swift */,
			);
			path = TemplateUITests;
			sourceTree = "<group>";
		};
		183ED4D127D0ABE900A26716 /* Screens */ = {
			isa = PBXGroup;
			children = (
				183ED4E027D0F27F00A26716 /* Detail */,
				183ED4DF27D0F27300A26716 /* Home */,
			);
			path = Screens;
			sourceTree = "<group>";
		};
		183ED4D427D0BD9E00A26716 /* TableViewCells */ = {
			isa = PBXGroup;
			children = (
				183ED4D527D0BDBD00A26716 /* NoResultTableCell.swift */,
				183ED4DD27D0E3F300A26716 /* ResultTableCell.swift */,
			);
			path = TableViewCells;
			sourceTree = "<group>";
		};
		183ED4D727D0DC0000A26716 /* Coordinators */ = {
			isa = PBXGroup;
			children = (
				183ED4D827D0DC1800A26716 /* Coordinator.swift */,
				183ED4DA27D0DEE000A26716 /* AppCoordinator.swift */,
			);
			path = Coordinators;
			sourceTree = "<group>";
		};
		183ED4DF27D0F27300A26716 /* Home */ = {
			isa = PBXGroup;
			children = (
				183ED4D427D0BD9E00A26716 /* TableViewCells */,
				183ED4D227D0BBB300A26716 /* HomeVC.swift */,
			);
			path = Home;
			sourceTree = "<group>";
		};
		183ED4E027D0F27F00A26716 /* Detail */ = {
			isa = PBXGroup;
			children = (
				183ED4E227D0F2E200A26716 /* DetailVC.swift */,
			);
			path = Detail;
			sourceTree = "<group>";
		};
/* End PBXGroup section */

/* Begin PBXNativeTarget section */
		183ED49D27D0AB8E00A26716 /* Template */ = {
			isa = PBXNativeTarget;
			buildConfigurationList = 183ED4C827D0AB9100A26716 /* Build configuration list for PBXNativeTarget "Template" */;
			buildPhases = (
				183ED49A27D0AB8E00A26716 /* Sources */,
				183ED49B27D0AB8E00A26716 /* Frameworks */,
				183ED49C27D0AB8E00A26716 /* Resources */,
			);
			buildRules = (
			);
			dependencies = (
			);
			name = Template;
			productName = Template;
			productReference = 183ED49E27D0AB8E00A26716 /* Template.app */;
			productType = "com.apple.product-type.application";
		};
		183ED4B327D0AB9100A26716 /* TemplateTests */ = {
			isa = PBXNativeTarget;
			buildConfigurationList = 183ED4CB27D0AB9100A26716 /* Build configuration list for PBXNativeTarget "TemplateTests" */;
			buildPhases = (
				183ED4B027D0AB9100A26716 /* Sources */,
				183ED4B127D0AB9100A26716 /* Frameworks */,
				183ED4B227D0AB9100A26716 /* Resources */,
			);
			buildRules = (
			);
			dependencies = (
				183ED4B627D0AB9100A26716 /* PBXTargetDependency */,
			);
			name = TemplateTests;
			productName = TemplateTests;
			productReference = 183ED4B427D0AB9100A26716 /* TemplateTests.xctest */;
			productType = "com.apple.product-type.bundle.unit-test";
		};
		183ED4BD27D0AB9100A26716 /* TemplateUITests */ = {
			isa = PBXNativeTarget;
			buildConfigurationList = 183ED4CE27D0AB9100A26716 /* Build configuration list for PBXNativeTarget "TemplateUITests" */;
			buildPhases = (
				183ED4BA27D0AB9100A26716 /* Sources */,
				183ED4BB27D0AB9100A26716 /* Frameworks */,
				183ED4BC27D0AB9100A26716 /* Resources */,
			);
			buildRules = (
			);
			dependencies = (
				183ED4C027D0AB9100A26716 /* PBXTargetDependency */,
			);
			name = TemplateUITests;
			productName = TemplateUITests;
			productReference = 183ED4BE27D0AB9100A26716 /* TemplateUITests.xctest */;
			productType = "com.apple.product-type.bundle.ui-testing";
		};
/* End PBXNativeTarget section */

/* Begin PBXProject section */
		183ED49627D0AB8E00A26716 /* Project object */ = {
			isa = PBXProject;
			attributes = {
				BuildIndependentTargetsInParallel = 1;
				LastSwiftUpdateCheck = 1320;
				LastUpgradeCheck = 1320;
				TargetAttributes = {
					183ED49D27D0AB8E00A26716 = {
						CreatedOnToolsVersion = 13.2.1;
					};
					183ED4B327D0AB9100A26716 = {
						CreatedOnToolsVersion = 13.2.1;
						TestTargetID = 183ED49D27D0AB8E00A26716;
					};
					183ED4BD27D0AB9100A26716 = {
						CreatedOnToolsVersion = 13.2.1;
						TestTargetID = 183ED49D27D0AB8E00A26716;
					};
				};
			};
			buildConfigurationList = 183ED49927D0AB8E00A26716 /* Build configuration list for PBXProject "Template" */;
			compatibilityVersion = "Xcode 13.0";
			developmentRegion = en;
			hasScannedForEncodings = 0;
			knownRegions = (
				en,
				Base,
			);
			mainGroup = 183ED49527D0AB8E00A26716;
			productRefGroup = 183ED49F27D0AB8E00A26716 /* Products */;
			projectDirPath = "";
			projectRoot = "";
			targets = (
				183ED49D27D0AB8E00A26716 /* Template */,
				183ED4B327D0AB9100A26716 /* TemplateTests */,
				183ED4BD27D0AB9100A26716 /* TemplateUITests */,
			);
		};
/* End PBXProject section */

/* Begin PBXResourcesBuildPhase section */
		183ED49C27D0AB8E00A26716 /* Resources */ = {
			isa = PBXResourcesBuildPhase;
			buildActionMask = 2147483647;
			files = (
				183ED4AE27D0AB9000A26716 /* LaunchScreen.storyboard in Resources */,
				183ED4AB27D0AB9000A26716 /* Assets.xcassets in Resources */,
			);
			runOnlyForDeploymentPostprocessing = 0;
		};
		183ED4B227D0AB9100A26716 /* Resources */ = {
			isa = PBXResourcesBuildPhase;
			buildActionMask = 2147483647;
			files = (
			);
			runOnlyForDeploymentPostprocessing = 0;
		};
		183ED4BC27D0AB9100A26716 /* Resources */ = {
			isa = PBXResourcesBuildPhase;
			buildActionMask = 2147483647;
			files = (
			);
			runOnlyForDeploymentPostprocessing = 0;
		};
/* End PBXResourcesBuildPhase section */

/* Begin PBXSourcesBuildPhase section */
		183ED49A27D0AB8E00A26716 /* Sources */ = {
			isa = PBXSourcesBuildPhase;
			buildActionMask = 2147483647;
			files = (
				183ED4DB27D0DEE100A26716 /* AppCoordinator.swift in Sources */,
				183ED4DE27D0E3F300A26716 /* ResultTableCell.swift in Sources */,
				183ED4D327D0BBB300A26716 /* HomeVC.swift in Sources */,
				183ED4A227D0AB8E00A26716 /* AppDelegate.swift in Sources */,
				183ED4D927D0DC1800A26716 /* Coordinator.swift in Sources */,
				183ED4E327D0F2E200A26716 /* DetailVC.swift in Sources */,
				183ED4D627D0BDBD00A26716 /* NoResultTableCell.swift in Sources */,
				183ED4A427D0AB8E00A26716 /* SceneDelegate.swift in Sources */,
			);
			runOnlyForDeploymentPostprocessing = 0;
		};
		183ED4B027D0AB9100A26716 /* Sources */ = {
			isa = PBXSourcesBuildPhase;
			buildActionMask = 2147483647;
			files = (
				183ED4B927D0AB9100A26716 /* TemplateTests.swift in Sources */,
			);
			runOnlyForDeploymentPostprocessing = 0;
		};
		183ED4BA27D0AB9100A26716 /* Sources */ = {
			isa = PBXSourcesBuildPhase;
			buildActionMask = 2147483647;
			files = (
				183ED4C527D0AB9100A26716 /* TemplateUITestsLaunchTests.swift in Sources */,
				183ED4C327D0AB9100A26716 /* TemplateUITests.swift in Sources */,
			);
			runOnlyForDeploymentPostprocessing = 0;
		};
/* End PBXSourcesBuildPhase section */

/* Begin PBXTargetDependency section */
		183ED4B627D0AB9100A26716 /* PBXTargetDependency */ = {
			isa = PBXTargetDependency;
			target = 183ED49D27D0AB8E00A26716 /* Template */;
			targetProxy = 183ED4B527D0AB9100A26716 /* PBXContainerItemProxy */;
		};
		183ED4C027D0AB9100A26716 /* PBXTargetDependency */ = {
			isa = PBXTargetDependency;
			target = 183ED49D27D0AB8E00A26716 /* Template */;
			targetProxy = 183ED4BF27D0AB9100A26716 /* PBXContainerItemProxy */;
		};
/* End PBXTargetDependency section */

/* Begin PBXVariantGroup section */
		183ED4AC27D0AB9000A26716 /* LaunchScreen.storyboard */ = {
			isa = PBXVariantGroup;
			children = (
				183ED4AD27D0AB9000A26716 /* Base */,
			);
			name = LaunchScreen.storyboard;
			sourceTree = "<group>";
		};
/* End PBXVariantGroup section */

/* Begin XCBuildConfiguration section */
		183ED4C627D0AB9100A26716 /* Debug */ = {
			isa = XCBuildConfiguration;
			buildSettings = {
				ALWAYS_SEARCH_USER_PATHS = NO;
				CLANG_ANALYZER_NONNULL = YES;
				CLANG_ANALYZER_NUMBER_OBJECT_CONVERSION = YES_AGGRESSIVE;
				CLANG_CXX_LANGUAGE_STANDARD = "gnu++17";
				CLANG_CXX_LIBRARY = "libc++";
				CLANG_ENABLE_MODULES = YES;
				CLANG_ENABLE_OBJC_ARC = YES;
				CLANG_ENABLE_OBJC_WEAK = YES;
				CLANG_WARN_BLOCK_CAPTURE_AUTORELEASING = YES;
				CLANG_WARN_BOOL_CONVERSION = YES;
				CLANG_WARN_COMMA = YES;
				CLANG_WARN_CONSTANT_CONVERSION = YES;
				CLANG_WARN_DEPRECATED_OBJC_IMPLEMENTATIONS = YES;
				CLANG_WARN_DIRECT_OBJC_ISA_USAGE = YES_ERROR;
				CLANG_WARN_DOCUMENTATION_COMMENTS = YES;
				CLANG_WARN_EMPTY_BODY = YES;
				CLANG_WARN_ENUM_CONVERSION = YES;
				CLANG_WARN_INFINITE_RECURSION = YES;
				CLANG_WARN_INT_CONVERSION = YES;
				CLANG_WARN_NON_LITERAL_NULL_CONVERSION = YES;
				CLANG_WARN_OBJC_IMPLICIT_RETAIN_SELF = YES;
				CLANG_WARN_OBJC_LITERAL_CONVERSION = YES;
				CLANG_WARN_OBJC_ROOT_CLASS = YES_ERROR;
				CLANG_WARN_QUOTED_INCLUDE_IN_FRAMEWORK_HEADER = YES;
				CLANG_WARN_RANGE_LOOP_ANALYSIS = YES;
				CLANG_WARN_STRICT_PROTOTYPES = YES;
				CLANG_WARN_SUSPICIOUS_MOVE = YES;
				CLANG_WARN_UNGUARDED_AVAILABILITY = YES_AGGRESSIVE;
				CLANG_WARN_UNREACHABLE_CODE = YES;
				CLANG_WARN__DUPLICATE_METHOD_MATCH = YES;
				COPY_PHASE_STRIP = NO;
				DEBUG_INFORMATION_FORMAT = dwarf;
				ENABLE_STRICT_OBJC_MSGSEND = YES;
				ENABLE_TESTABILITY = YES;
				GCC_C_LANGUAGE_STANDARD = gnu11;
				GCC_DYNAMIC_NO_PIC = NO;
				GCC_NO_COMMON_BLOCKS = YES;
				GCC_OPTIMIZATION_LEVEL = 0;
				GCC_PREPROCESSOR_DEFINITIONS = (
					"DEBUG=1",
					"$(inherited)",
				);
				GCC_WARN_64_TO_32_BIT_CONVERSION = YES;
				GCC_WARN_ABOUT_RETURN_TYPE = YES_ERROR;
				GCC_WARN_UNDECLARED_SELECTOR = YES;
				GCC_WARN_UNINITIALIZED_AUTOS = YES_AGGRESSIVE;
				GCC_WARN_UNUSED_FUNCTION = YES;
				GCC_WARN_UNUSED_VARIABLE = YES;
				IPHONEOS_DEPLOYMENT_TARGET = 15.2;
				MTL_ENABLE_DEBUG_INFO = INCLUDE_SOURCE;
				MTL_FAST_MATH = YES;
				ONLY_ACTIVE_ARCH = YES;
				SDKROOT = iphoneos;
				SWIFT_ACTIVE_COMPILATION_CONDITIONS = DEBUG;
				SWIFT_OPTIMIZATION_LEVEL = "-Onone";
			};
			name = Debug;
		};
		183ED4C727D0AB9100A26716 /* Release */ = {
			isa = XCBuildConfiguration;
			buildSettings = {
				ALWAYS_SEARCH_USER_PATHS = NO;
				CLANG_ANALYZER_NONNULL = YES;
				CLANG_ANALYZER_NUMBER_OBJECT_CONVERSION = YES_AGGRESSIVE;
				CLANG_CXX_LANGUAGE_STANDARD = "gnu++17";
				CLANG_CXX_LIBRARY = "libc++";
				CLANG_ENABLE_MODULES = YES;
				CLANG_ENABLE_OBJC_ARC = YES;
				CLANG_ENABLE_OBJC_WEAK = YES;
				CLANG_WARN_BLOCK_CAPTURE_AUTORELEASING = YES;
				CLANG_WARN_BOOL_CONVERSION = YES;
				CLANG_WARN_COMMA = YES;
				CLANG_WARN_CONSTANT_CONVERSION = YES;
				CLANG_WARN_DEPRECATED_OBJC_IMPLEMENTATIONS = YES;
				CLANG_WARN_DIRECT_OBJC_ISA_USAGE = YES_ERROR;
				CLANG_WARN_DOCUMENTATION_COMMENTS = YES;
				CLANG_WARN_EMPTY_BODY = YES;
				CLANG_WARN_ENUM_CONVERSION = YES;
				CLANG_WARN_INFINITE_RECURSION = YES;
				CLANG_WARN_INT_CONVERSION = YES;
				CLANG_WARN_NON_LITERAL_NULL_CONVERSION = YES;
				CLANG_WARN_OBJC_IMPLICIT_RETAIN_SELF = YES;
				CLANG_WARN_OBJC_LITERAL_CONVERSION = YES;
				CLANG_WARN_OBJC_ROOT_CLASS = YES_ERROR;
				CLANG_WARN_QUOTED_INCLUDE_IN_FRAMEWORK_HEADER = YES;
				CLANG_WARN_RANGE_LOOP_ANALYSIS = YES;
				CLANG_WARN_STRICT_PROTOTYPES = YES;
				CLANG_WARN_SUSPICIOUS_MOVE = YES;
				CLANG_WARN_UNGUARDED_AVAILABILITY = YES_AGGRESSIVE;
				CLANG_WARN_UNREACHABLE_CODE = YES;
				CLANG_WARN__DUPLICATE_METHOD_MATCH = YES;
				COPY_PHASE_STRIP = NO;
				DEBUG_INFORMATION_FORMAT = "dwarf-with-dsym";
				ENABLE_NS_ASSERTIONS = NO;
				ENABLE_STRICT_OBJC_MSGSEND = YES;
				GCC_C_LANGUAGE_STANDARD = gnu11;
				GCC_NO_COMMON_BLOCKS = YES;
				GCC_WARN_64_TO_32_BIT_CONVERSION = YES;
				GCC_WARN_ABOUT_RETURN_TYPE = YES_ERROR;
				GCC_WARN_UNDECLARED_SELECTOR = YES;
				GCC_WARN_UNINITIALIZED_AUTOS = YES_AGGRESSIVE;
				GCC_WARN_UNUSED_FUNCTION = YES;
				GCC_WARN_UNUSED_VARIABLE = YES;
				IPHONEOS_DEPLOYMENT_TARGET = 15.2;
				MTL_ENABLE_DEBUG_INFO = NO;
				MTL_FAST_MATH = YES;
				SDKROOT = iphoneos;
				SWIFT_COMPILATION_MODE = wholemodule;
				SWIFT_OPTIMIZATION_LEVEL = "-O";
				VALIDATE_PRODUCT = YES;
			};
			name = Release;
		};
		183ED4C927D0AB9100A26716 /* Debug */ = {
			isa = XCBuildConfiguration;
			buildSettings = {
				ASSETCATALOG_COMPILER_APPICON_NAME = AppIcon;
				ASSETCATALOG_COMPILER_GLOBAL_ACCENT_COLOR_NAME = AccentColor;
				CODE_SIGN_STYLE = Automatic;
				CURRENT_PROJECT_VERSION = 1;
				GENERATE_INFOPLIST_FILE = YES;
				INFOPLIST_FILE = Template/Info.plist;
				INFOPLIST_KEY_UIApplicationSupportsIndirectInputEvents = YES;
				INFOPLIST_KEY_UILaunchStoryboardName = LaunchScreen;
				INFOPLIST_KEY_UISupportedInterfaceOrientations_iPad = "UIInterfaceOrientationPortrait UIInterfaceOrientationPortraitUpsideDown UIInterfaceOrientationLandscapeLeft UIInterfaceOrientationLandscapeRight";
				INFOPLIST_KEY_UISupportedInterfaceOrientations_iPhone = "UIInterfaceOrientationPortrait UIInterfaceOrientationLandscapeLeft UIInterfaceOrientationLandscapeRight";
				LD_RUNPATH_SEARCH_PATHS = (
					"$(inherited)",
					"@executable_path/Frameworks",
				);
				MARKETING_VERSION = 1.0;
				PRODUCT_BUNDLE_IDENTIFIER = wednesday.Template;
				PRODUCT_NAME = "$(TARGET_NAME)";
				SWIFT_EMIT_LOC_STRINGS = YES;
				SWIFT_VERSION = 5.0;
				TARGETED_DEVICE_FAMILY = "1,2";
			};
			name = Debug;
		};
		183ED4CA27D0AB9100A26716 /* Release */ = {
			isa = XCBuildConfiguration;
			buildSettings = {
				ASSETCATALOG_COMPILER_APPICON_NAME = AppIcon;
				ASSETCATALOG_COMPILER_GLOBAL_ACCENT_COLOR_NAME = AccentColor;
				CODE_SIGN_STYLE = Automatic;
				CURRENT_PROJECT_VERSION = 1;
				GENERATE_INFOPLIST_FILE = YES;
				INFOPLIST_FILE = Template/Info.plist;
				INFOPLIST_KEY_UIApplicationSupportsIndirectInputEvents = YES;
				INFOPLIST_KEY_UILaunchStoryboardName = LaunchScreen;
				INFOPLIST_KEY_UISupportedInterfaceOrientations_iPad = "UIInterfaceOrientationPortrait UIInterfaceOrientationPortraitUpsideDown UIInterfaceOrientationLandscapeLeft UIInterfaceOrientationLandscapeRight";
				INFOPLIST_KEY_UISupportedInterfaceOrientations_iPhone = "UIInterfaceOrientationPortrait UIInterfaceOrientationLandscapeLeft UIInterfaceOrientationLandscapeRight";
				LD_RUNPATH_SEARCH_PATHS = (
					"$(inherited)",
					"@executable_path/Frameworks",
				);
				MARKETING_VERSION = 1.0;
				PRODUCT_BUNDLE_IDENTIFIER = wednesday.Template;
				PRODUCT_NAME = "$(TARGET_NAME)";
				SWIFT_EMIT_LOC_STRINGS = YES;
				SWIFT_VERSION = 5.0;
				TARGETED_DEVICE_FAMILY = "1,2";
			};
			name = Release;
		};
		183ED4CC27D0AB9100A26716 /* Debug */ = {
			isa = XCBuildConfiguration;
			buildSettings = {
				ALWAYS_EMBED_SWIFT_STANDARD_LIBRARIES = YES;
				BUNDLE_LOADER = "$(TEST_HOST)";
				CODE_SIGN_STYLE = Automatic;
				CURRENT_PROJECT_VERSION = 1;
				GENERATE_INFOPLIST_FILE = YES;
				IPHONEOS_DEPLOYMENT_TARGET = 15.2;
				MARKETING_VERSION = 1.0;
				PRODUCT_BUNDLE_IDENTIFIER = wednesday.TemplateTests;
				PRODUCT_NAME = "$(TARGET_NAME)";
				SWIFT_EMIT_LOC_STRINGS = NO;
				SWIFT_VERSION = 5.0;
				TARGETED_DEVICE_FAMILY = "1,2";
				TEST_HOST = "$(BUILT_PRODUCTS_DIR)/Template.app/Template";
			};
			name = Debug;
		};
		183ED4CD27D0AB9100A26716 /* Release */ = {
			isa = XCBuildConfiguration;
			buildSettings = {
				ALWAYS_EMBED_SWIFT_STANDARD_LIBRARIES = YES;
				BUNDLE_LOADER = "$(TEST_HOST)";
				CODE_SIGN_STYLE = Automatic;
				CURRENT_PROJECT_VERSION = 1;
				GENERATE_INFOPLIST_FILE = YES;
				IPHONEOS_DEPLOYMENT_TARGET = 15.2;
				MARKETING_VERSION = 1.0;
				PRODUCT_BUNDLE_IDENTIFIER = wednesday.TemplateTests;
				PRODUCT_NAME = "$(TARGET_NAME)";
				SWIFT_EMIT_LOC_STRINGS = NO;
				SWIFT_VERSION = 5.0;
				TARGETED_DEVICE_FAMILY = "1,2";
				TEST_HOST = "$(BUILT_PRODUCTS_DIR)/Template.app/Template";
			};
			name = Release;
		};
		183ED4CF27D0AB9100A26716 /* Debug */ = {
			isa = XCBuildConfiguration;
			buildSettings = {
				ALWAYS_EMBED_SWIFT_STANDARD_LIBRARIES = YES;
				CODE_SIGN_STYLE = Automatic;
				CURRENT_PROJECT_VERSION = 1;
				GENERATE_INFOPLIST_FILE = YES;
				MARKETING_VERSION = 1.0;
				PRODUCT_BUNDLE_IDENTIFIER = wednesday.TemplateUITests;
				PRODUCT_NAME = "$(TARGET_NAME)";
				SWIFT_EMIT_LOC_STRINGS = NO;
				SWIFT_VERSION = 5.0;
				TARGETED_DEVICE_FAMILY = "1,2";
				TEST_TARGET_NAME = Template;
			};
			name = Debug;
		};
		183ED4D027D0AB9100A26716 /* Release */ = {
			isa = XCBuildConfiguration;
			buildSettings = {
				ALWAYS_EMBED_SWIFT_STANDARD_LIBRARIES = YES;
				CODE_SIGN_STYLE = Automatic;
				CURRENT_PROJECT_VERSION = 1;
				GENERATE_INFOPLIST_FILE = YES;
				MARKETING_VERSION = 1.0;
				PRODUCT_BUNDLE_IDENTIFIER = wednesday.TemplateUITests;
				PRODUCT_NAME = "$(TARGET_NAME)";
				SWIFT_EMIT_LOC_STRINGS = NO;
				SWIFT_VERSION = 5.0;
				TARGETED_DEVICE_FAMILY = "1,2";
				TEST_TARGET_NAME = Template;
			};
			name = Release;
		};
/* End XCBuildConfiguration section */

/* Begin XCConfigurationList section */
		183ED49927D0AB8E00A26716 /* Build configuration list for PBXProject "Template" */ = {
			isa = XCConfigurationList;
			buildConfigurations = (
				183ED4C627D0AB9100A26716 /* Debug */,
				183ED4C727D0AB9100A26716 /* Release */,
			);
			defaultConfigurationIsVisible = 0;
			defaultConfigurationName = Release;
		};
		183ED4C827D0AB9100A26716 /* Build configuration list for PBXNativeTarget "Template" */ = {
			isa = XCConfigurationList;
			buildConfigurations = (
				183ED4C927D0AB9100A26716 /* Debug */,
				183ED4CA27D0AB9100A26716 /* Release */,
			);
			defaultConfigurationIsVisible = 0;
			defaultConfigurationName = Release;
		};
		183ED4CB27D0AB9100A26716 /* Build configuration list for PBXNativeTarget "TemplateTests" */ = {
			isa = XCConfigurationList;
			buildConfigurations = (
				183ED4CC27D0AB9100A26716 /* Debug */,
				183ED4CD27D0AB9100A26716 /* Release */,
			);
			defaultConfigurationIsVisible = 0;
			defaultConfigurationName = Release;
		};
		183ED4CE27D0AB9100A26716 /* Build configuration list for PBXNativeTarget "TemplateUITests" */ = {
			isa = XCConfigurationList;
			buildConfigurations = (
				183ED4CF27D0AB9100A26716 /* Debug */,
				183ED4D027D0AB9100A26716 /* Release */,
			);
			defaultConfigurationIsVisible = 0;
			defaultConfigurationName = Release;
		};
/* End XCConfigurationList section */
	};
	rootObject = 183ED49627D0AB8E00A26716 /* Project object */;
}
